<?xml version="1.0" encoding="utf-8"?>
<Project ToolsVersion="4.0" xmlns="http://schemas.microsoft.com/developer/msbuild/2003">
  <ItemGroup>
    <Filter Include="src">
      <UniqueIdentifier>{4ecfd881-6668-4834-911e-f70a2fb3a879}</UniqueIdentifier>
    </Filter>
    <Filter Include="Assets">
      <UniqueIdentifier>{893285a7-e01f-4d23-8874-0b69e30342b5}</UniqueIdentifier>
    </Filter>
    <Filter Include="Assets\model">
      <UniqueIdentifier>{af8818a8-573e-4311-a90f-e9345fe40485}</UniqueIdentifier>
    </Filter>
    <Filter Include="Assets\model\car">
      <UniqueIdentifier>{5a9799c1-cbdc-4f86-b5ac-6104fe78c435}</UniqueIdentifier>
    </Filter>
  </ItemGroup>
  <ItemGroup>
    <ClCompile Include="main.cpp">
      <Filter>src</Filter>
    </ClCompile>
    <ClCompile Include="stdafx.cpp">
      <Filter>src</Filter>
    </ClCompile>
    <ClCompile Include="Game.cpp">
      <Filter>src</Filter>
    </ClCompile>
    <ClCompile Include="Vehicle.cpp">
      <Filter>src</Filter>
    </ClCompile>
    <ClCompile Include="Stage.cpp">
      <Filter>src</Filter>
    </ClCompile>
    <ClCompile Include="GameCamera.cpp">
      <Filter>src</Filter>
    </ClCompile>
    <ClCompile Include="Car.cpp">
      <Filter>src</Filter>
    </ClCompile>
    <ClCompile Include="Ball.cpp">
      <Filter>src</Filter>
    </ClCompile>
    <ClCompile Include="MyVehicle.cpp">
      <Filter>src</Filter>
    </ClCompile>
  </ItemGroup>
  <ItemGroup>
    <ClInclude Include="stdafx.h">
      <Filter>src</Filter>
    </ClInclude>
    <ClInclude Include="Game.h">
      <Filter>src</Filter>
    </ClInclude>
    <ClInclude Include="Vehicle.h">
      <Filter>src</Filter>
    </ClInclude>
    <ClInclude Include="Stage.h">
      <Filter>src</Filter>
    </ClInclude>
    <ClInclude Include="GameCamera.h">
      <Filter>src</Filter>
    </ClInclude>
    <ClInclude Include="Car.h">
      <Filter>src</Filter>
    </ClInclude>
    <ClInclude Include="Ball.h">
      <Filter>src</Filter>
    </ClInclude>
    <ClInclude Include="MyVehicle.h">
      <Filter>src</Filter>
    </ClInclude>
  </ItemGroup>
  <ItemGroup>
    <None Include="Assets\modelData\chassis.FBX">
      <Filter>Assets\model\car</Filter>
    </None>
    <None Include="Assets\modelData\frontLeftWheel.FBX">
      <Filter>Assets\model\car</Filter>
    </None>
    <None Include="Assets\modelData\frontRightWheel.FBX">
      <Filter>Assets\model\car</Filter>
    </None>
    <None Include="Assets\modelData\frontWheel.FBX">
      <Filter>Assets\model\car</Filter>
    </None>
    <None Include="Assets\modelData\rearLeftWheel.FBX">
      <Filter>Assets\model\car</Filter>
    </None>
    <None Include="Assets\modelData\rearRightWheel.FBX">
      <Filter>Assets\model\car</Filter>
    </None>
    <None Include="Assets\modelData\wheel.FBX">
      <Filter>Assets\model\car</Filter>
    </None>
    <None Include="Assets\modelData\ball.FBX">
      <Filter>Assets\model</Filter>
    </None>
    <None Include="Assets\modelData\Box.FBX">
      <Filter>Assets\model</Filter>
    </None>
    <None Include="Assets\modelData\Stage.FBX">
      <Filter>Assets\model</Filter>
    </None>
  </ItemGroup>
</Project>