<?xml version="1.0" encoding="utf-8"?>
<Project ToolsVersion="4.0" xmlns="http://schemas.microsoft.com/developer/msbuild/2003">
  <ItemGroup>
    <Filter Include="src">
      <UniqueIdentifier>{4ecfd881-6668-4834-911e-f70a2fb3a879}</UniqueIdentifier>
    </Filter>
    <Filter Include="Assets">
      <UniqueIdentifier>{893285a7-e01f-4d23-8874-0b69e30342b5}</UniqueIdentifier>
    </Filter>
    <Filter Include="Assets\model">
      <UniqueIdentifier>{af8818a8-573e-4311-a90f-e9345fe40485}</UniqueIdentifier>
    </Filter>
    <Filter Include="Assets\model\car">
      <UniqueIdentifier>{5a9799c1-cbdc-4f86-b5ac-6104fe78c435}</UniqueIdentifier>
    </Filter>
    <Filter Include="src\car">
      <UniqueIdentifier>{37668dc8-d2b6-41a8-a517-0b5f9f043634}</UniqueIdentifier>
    </Filter>
    <Filter Include="src\Scene">
      <UniqueIdentifier>{52bfe2d0-49e8-44e8-a67d-e684f0fa0eb6}</UniqueIdentifier>
    </Filter>
    <Filter Include="Assets\sprite">
      <UniqueIdentifier>{32668533-c92e-4d46-810b-ed843b2c4aba}</UniqueIdentifier>
    </Filter>
    <Filter Include="src\Network">
      <UniqueIdentifier>{c2e54bc7-f6d0-4953-af8b-fd963021a151}</UniqueIdentifier>
    </Filter>
    <Filter Include="src\gameObjects">
      <UniqueIdentifier>{b3d700c2-bb10-45cd-a721-65974ce81d05}</UniqueIdentifier>
    </Filter>
    <Filter Include="Assets\model\tex">
      <UniqueIdentifier>{58bccecc-f946-42ae-877c-3af82d4b1769}</UniqueIdentifier>
    </Filter>
  </ItemGroup>
  <ItemGroup>
    <ClCompile Include="main.cpp">
      <Filter>src</Filter>
    </ClCompile>
    <ClCompile Include="stdafx.cpp">
      <Filter>src</Filter>
    </ClCompile>
    <ClCompile Include="Network\NetworkLogic.cpp">
      <Filter>src\Network</Filter>
    </ClCompile>
    <ClCompile Include="Network\OutputListener.cpp">
      <Filter>src\Network</Filter>
    </ClCompile>
    <ClCompile Include="Network\TestView.cpp">
      <Filter>src\Network</Filter>
    </ClCompile>
    <ClCompile Include="Network\BaseView.cpp">
      <Filter>src\Network</Filter>
    </ClCompile>
    <ClCompile Include="Network\Console.cpp">
      <Filter>src\Network</Filter>
    </ClCompile>
    <ClCompile Include="Network\LoadBalancingListener.cpp">
      <Filter>src\Network</Filter>
    </ClCompile>
    <ClCompile Include="PlayerView.cpp">
      <Filter>src\Network</Filter>
    </ClCompile>
    <ClCompile Include="GameObjects\Goal.cpp">
      <Filter>src\gameObjects</Filter>
    </ClCompile>
    <ClCompile Include="GameObjects\ScoreManager.cpp">
      <Filter>src\gameObjects</Filter>
    </ClCompile>
    <ClCompile Include="GameObjects\Stage.cpp">
      <Filter>src\gameObjects</Filter>
    </ClCompile>
    <ClCompile Include="GameObjects\Ball.cpp">
      <Filter>src\gameObjects</Filter>
    </ClCompile>
    <ClCompile Include="GameObjects\GameCamera.cpp">
      <Filter>src\gameObjects</Filter>
    </ClCompile>
    <ClCompile Include="Scene\ParticipantsGame.cpp">
      <Filter>src\Scene</Filter>
    </ClCompile>
    <ClCompile Include="Scene\Result.cpp">
      <Filter>src\Scene</Filter>
    </ClCompile>
    <ClCompile Include="Scene\TestScene.cpp">
      <Filter>src\Scene</Filter>
    </ClCompile>
    <ClCompile Include="Scene\Title.cpp">
      <Filter>src\Scene</Filter>
    </ClCompile>
    <ClCompile Include="Scene\Game.cpp">
      <Filter>src\Scene</Filter>
    </ClCompile>
    <ClCompile Include="Scene\HostGame.cpp">
      <Filter>src\Scene</Filter>
    </ClCompile>
    <ClCompile Include="Scene\OnlineMatch.cpp">
      <Filter>src\Scene</Filter>
    </ClCompile>
    <ClCompile Include="GameObjects\CarState.cpp">
      <Filter>src\car</Filter>
    </ClCompile>
    <ClCompile Include="GameObjects\Car.cpp">
      <Filter>src\car</Filter>
    </ClCompile>
    <ClCompile Include="GameObjects\TitleMenu.cpp">
      <Filter>src\gameObjects</Filter>
    </ClCompile>
    <ClCompile Include="Scene\Training.cpp">
      <Filter>src\Scene</Filter>
    </ClCompile>
  </ItemGroup>
  <ItemGroup>
    <ClInclude Include="stdafx.h">
      <Filter>src</Filter>
    </ClInclude>
    <ClInclude Include="Network\LoadBalancingListener.h">
      <Filter>src\Network</Filter>
    </ClInclude>
    <ClInclude Include="Network\NetworkLogic.h">
      <Filter>src\Network</Filter>
    </ClInclude>
    <ClInclude Include="Network\OutputListener.h">
      <Filter>src\Network</Filter>
    </ClInclude>
    <ClInclude Include="Network\TestView.h">
      <Filter>src\Network</Filter>
    </ClInclude>
    <ClInclude Include="Network\BaseView.h">
      <Filter>src\Network</Filter>
    </ClInclude>
    <ClInclude Include="Network\Console.h">
      <Filter>src\Network</Filter>
    </ClInclude>
    <ClInclude Include="PlayerView.h">
      <Filter>src\Network</Filter>
    </ClInclude>
    <ClInclude Include="GameObjects\Goal.h">
      <Filter>src\gameObjects</Filter>
    </ClInclude>
    <ClInclude Include="GameObjects\ScoreManager.h">
      <Filter>src\gameObjects</Filter>
    </ClInclude>
    <ClInclude Include="GameObjects\Stage.h">
      <Filter>src\gameObjects</Filter>
    </ClInclude>
    <ClInclude Include="GameObjects\Ball.h">
      <Filter>src\gameObjects</Filter>
    </ClInclude>
    <ClInclude Include="GameObjects\GameCamera.h">
      <Filter>src\gameObjects</Filter>
    </ClInclude>
    <ClInclude Include="Scene\ParticipantsGame.h">
      <Filter>src\Scene</Filter>
    </ClInclude>
    <ClInclude Include="Scene\Result.h">
      <Filter>src\Scene</Filter>
    </ClInclude>
    <ClInclude Include="Scene\TestScene.h">
      <Filter>src\Scene</Filter>
    </ClInclude>
    <ClInclude Include="Scene\Title.h">
      <Filter>src\Scene</Filter>
    </ClInclude>
    <ClInclude Include="Scene\Game.h">
      <Filter>src\Scene</Filter>
    </ClInclude>
    <ClInclude Include="Scene\HostGame.h">
      <Filter>src\Scene</Filter>
    </ClInclude>
    <ClInclude Include="Scene\OnlineMatch.h">
      <Filter>src\Scene</Filter>
    </ClInclude>
    <ClInclude Include="GameObjects\Car.h">
      <Filter>src\car</Filter>
    </ClInclude>
    <ClInclude Include="GameObjects\CarState.h">
      <Filter>src\car</Filter>
    </ClInclude>
    <ClInclude Include="GameObjects\TitleMenu.h">
      <Filter>src\gameObjects</Filter>
    </ClInclude>
    <ClInclude Include="Scene\Training.h">
      <Filter>src\Scene</Filter>
    </ClInclude>
  </ItemGroup>
  <ItemGroup>
    <None Include="Assets\modelData\Stage.FBX">
      <Filter>Assets\model</Filter>
    </None>
    <None Include="Assets\modelData\chassis.FBX">
      <Filter>Assets\model\car</Filter>
    </None>
    <None Include="Assets\modelData\frontLeftWheel.FBX">
      <Filter>Assets\model\car</Filter>
    </None>
    <None Include="Assets\modelData\frontRightWheel.FBX">
      <Filter>Assets\model\car</Filter>
    </None>
    <None Include="Assets\modelData\frontWheel.FBX">
      <Filter>Assets\model\car</Filter>
    </None>
    <None Include="Assets\modelData\rearLeftWheel.FBX">
      <Filter>Assets\model\car</Filter>
    </None>
    <None Include="Assets\modelData\rearRightWheel.FBX">
      <Filter>Assets\model\car</Filter>
    </None>
    <None Include="Assets\modelData\wheel.FBX">
      <Filter>Assets\model\car</Filter>
    </None>
    <None Include="Assets\modelData\ball.FBX">
      <Filter>Assets\model</Filter>
    </None>
    <None Include="Assets\modelData\Box.FBX">
      <Filter>Assets\model</Filter>
    </None>
    <None Include="Assets\modelData\RLStage.fbx">
      <Filter>Assets\model</Filter>
    </None>
    <None Include="Assets\sprite\inGame\OrangeTeamScoreBack.png">
      <Filter>Assets\sprite</Filter>
    </None>
    <None Include="Assets\sprite\inGame\TimerBack.png">
      <Filter>Assets\sprite</Filter>
    </None>
    <None Include="Assets\sprite\inGame\BlueTeamScoreBack.png">
      <Filter>Assets\sprite</Filter>
    </None>
    <None Include="Assets\sprite\menuButton.png">
      <Filter>Assets\sprite</Filter>
    </None>
    <None Include="Assets\sprite\avg2.png">
      <Filter>Assets\sprite</Filter>
    </None>
    <None Include="Assets\sprite\avg_button2.png">
      <Filter>Assets\sprite</Filter>
    </None>
    <None Include="Assets\sprite\online.png">
      <Filter>Assets\sprite</Filter>
    </None>
    <None Include="Assets\sprite\start.png">
      <Filter>Assets\sprite</Filter>
    </None>
    <None Include="Assets\sprite\menuButtonSelected.png">
      <Filter>Assets\sprite</Filter>
    </None>
  </ItemGroup>
  <ItemGroup>
    <ImageContentTask Include="Assets\sprite\searching.png">
      <Filter>Assets\sprite</Filter>
    </ImageContentTask>
  </ItemGroup>
</Project>