
Microsoft Visual Studio Solution File, Format Version 12.00
# Visual Studio 15
VisualStudioVersion = 15.0.28307.136
MinimumVisualStudioVersion = 10.0.40219.1
Project("{8BC9CEB8-8B4A-11D0-8D11-00A0C91BC942}") = "Game", "Game\Game.vcxproj", "{627A8110-3B0D-44BC-AA68-99343E84F391}"
EndProject
Project("{8BC9CEB8-8B4A-11D0-8D11-00A0C91BC942}") = "ZekeEngine2", "ZekeEngine2\ZekeEngine2.vcxproj", "{0C1144EA-7630-4C28-ABD6-F4D40B79B1C7}"
EndProject
Project("{2150E333-8FDC-42A3-9474-1A3956D46DE8}") = "exlib", "exlib", "{21644DC7-BCE3-4F9B-A267-5DFDBDFEDBAB}"
EndProject
Project("{8BC9CEB8-8B4A-11D0-8D11-00A0C91BC942}") = "BulletCollision", "ZekeEngine2\bulletPhysics\src\BulletCollision\BulletCollision.vcxproj", "{28EF574A-84DB-3CB0-9B45-DB3545B2D05C}"
EndProject
Project("{8BC9CEB8-8B4A-11D0-8D11-00A0C91BC942}") = "BulletDynamics", "ZekeEngine2\bulletPhysics\src\BulletDynamics\BulletDynamics.vcxproj", "{9BF1ADF3-EB57-35E8-B156-ADE8FFC7E2F0}"
EndProject
Project("{8BC9CEB8-8B4A-11D0-8D11-00A0C91BC942}") = "DirectXTK_Desktop_2015_Win10", "ZekeEngine2\DirectXTK\DirectXTK_Desktop_2015_Win10.vcxproj", "{E0B52AE7-E160-4D32-BF3F-910B785E5A8E}"
EndProject
Project("{8BC9CEB8-8B4A-11D0-8D11-00A0C91BC942}") = "Effekseer", "ZekeEngine2\EffekseerRuntime130\src\Effekseer\Effekseer.vcxproj", "{91E36741-5DFC-46E3-A7F3-28A67FD637C8}"
EndProject
Project("{8BC9CEB8-8B4A-11D0-8D11-00A0C91BC942}") = "EffekseerRendererDX11", "ZekeEngine2\EffekseerRuntime130\src\EffekseerRendererDX11\EffekseerRendererDX11.vcxproj", "{4E7A02CF-51F7-414B-9874-A34116D2B43C}"
EndProject
Project("{8BC9CEB8-8B4A-11D0-8D11-00A0C91BC942}") = "LinearMath", "ZekeEngine2\bulletPhysics\src\LinearMath\LinearMath.vcxproj", "{4DCE52A5-106C-3D94-815D-C8EBC6133B5E}"
EndProject
Global
	GlobalSection(SolutionConfigurationPlatforms) = preSolution
		Debug|x64 = Debug|x64
		Debug|x86 = Debug|x86
		MinSizeRel|x64 = MinSizeRel|x64
		MinSizeRel|x86 = MinSizeRel|x86
		Preview|x64 = Preview|x64
		Preview|x86 = Preview|x86
		Release|x64 = Release|x64
		Release|x86 = Release|x86
		RelWithDebInfo|x64 = RelWithDebInfo|x64
		RelWithDebInfo|x86 = RelWithDebInfo|x86
	EndGlobalSection
	GlobalSection(ProjectConfigurationPlatforms) = postSolution
		{627A8110-3B0D-44BC-AA68-99343E84F391}.Debug|x64.ActiveCfg = Debug|x64
		{627A8110-3B0D-44BC-AA68-99343E84F391}.Debug|x64.Build.0 = Debug|x64
		{627A8110-3B0D-44BC-AA68-99343E84F391}.Debug|x86.ActiveCfg = Debug|Win32
		{627A8110-3B0D-44BC-AA68-99343E84F391}.Debug|x86.Build.0 = Debug|Win32
		{627A8110-3B0D-44BC-AA68-99343E84F391}.MinSizeRel|x64.ActiveCfg = Release|x64
		{627A8110-3B0D-44BC-AA68-99343E84F391}.MinSizeRel|x64.Build.0 = Release|x64
		{627A8110-3B0D-44BC-AA68-99343E84F391}.MinSizeRel|x86.ActiveCfg = Release|Win32
		{627A8110-3B0D-44BC-AA68-99343E84F391}.MinSizeRel|x86.Build.0 = Release|Win32
		{627A8110-3B0D-44BC-AA68-99343E84F391}.Preview|x64.ActiveCfg = Release|x64
		{627A8110-3B0D-44BC-AA68-99343E84F391}.Preview|x64.Build.0 = Release|x64
		{627A8110-3B0D-44BC-AA68-99343E84F391}.Preview|x86.ActiveCfg = Release|Win32
		{627A8110-3B0D-44BC-AA68-99343E84F391}.Preview|x86.Build.0 = Release|Win32
		{627A8110-3B0D-44BC-AA68-99343E84F391}.Release|x64.ActiveCfg = Release|x64
		{627A8110-3B0D-44BC-AA68-99343E84F391}.Release|x64.Build.0 = Release|x64
		{627A8110-3B0D-44BC-AA68-99343E84F391}.Release|x86.ActiveCfg = Release|Win32
		{627A8110-3B0D-44BC-AA68-99343E84F391}.Release|x86.Build.0 = Release|Win32
		{627A8110-3B0D-44BC-AA68-99343E84F391}.RelWithDebInfo|x64.ActiveCfg = Release|x64
		{627A8110-3B0D-44BC-AA68-99343E84F391}.RelWithDebInfo|x64.Build.0 = Release|x64
		{627A8110-3B0D-44BC-AA68-99343E84F391}.RelWithDebInfo|x86.ActiveCfg = Release|Win32
		{627A8110-3B0D-44BC-AA68-99343E84F391}.RelWithDebInfo|x86.Build.0 = Release|Win32
		{0C1144EA-7630-4C28-ABD6-F4D40B79B1C7}.Debug|x64.ActiveCfg = Debug|x64
		{0C1144EA-7630-4C28-ABD6-F4D40B79B1C7}.Debug|x64.Build.0 = Debug|x64
		{0C1144EA-7630-4C28-ABD6-F4D40B79B1C7}.Debug|x86.ActiveCfg = Debug|Win32
		{0C1144EA-7630-4C28-ABD6-F4D40B79B1C7}.Debug|x86.Build.0 = Debug|Win32
		{0C1144EA-7630-4C28-ABD6-F4D40B79B1C7}.MinSizeRel|x64.ActiveCfg = Release|x64
		{0C1144EA-7630-4C28-ABD6-F4D40B79B1C7}.MinSizeRel|x64.Build.0 = Release|x64
		{0C1144EA-7630-4C28-ABD6-F4D40B79B1C7}.MinSizeRel|x86.ActiveCfg = Release|Win32
		{0C1144EA-7630-4C28-ABD6-F4D40B79B1C7}.MinSizeRel|x86.Build.0 = Release|Win32
		{0C1144EA-7630-4C28-ABD6-F4D40B79B1C7}.Preview|x64.ActiveCfg = Release|x64
		{0C1144EA-7630-4C28-ABD6-F4D40B79B1C7}.Preview|x64.Build.0 = Release|x64
		{0C1144EA-7630-4C28-ABD6-F4D40B79B1C7}.Preview|x86.ActiveCfg = Release|Win32
		{0C1144EA-7630-4C28-ABD6-F4D40B79B1C7}.Preview|x86.Build.0 = Release|Win32
		{0C1144EA-7630-4C28-ABD6-F4D40B79B1C7}.Release|x64.ActiveCfg = Release|x64
		{0C1144EA-7630-4C28-ABD6-F4D40B79B1C7}.Release|x64.Build.0 = Release|x64
		{0C1144EA-7630-4C28-ABD6-F4D40B79B1C7}.Release|x86.ActiveCfg = Release|Win32
		{0C1144EA-7630-4C28-ABD6-F4D40B79B1C7}.Release|x86.Build.0 = Release|Win32
		{0C1144EA-7630-4C28-ABD6-F4D40B79B1C7}.RelWithDebInfo|x64.ActiveCfg = Release|x64
		{0C1144EA-7630-4C28-ABD6-F4D40B79B1C7}.RelWithDebInfo|x64.Build.0 = Release|x64
		{0C1144EA-7630-4C28-ABD6-F4D40B79B1C7}.RelWithDebInfo|x86.ActiveCfg = Release|Win32
		{0C1144EA-7630-4C28-ABD6-F4D40B79B1C7}.RelWithDebInfo|x86.Build.0 = Release|Win32
		{28EF574A-84DB-3CB0-9B45-DB3545B2D05C}.Debug|x64.ActiveCfg = Debug|x64
		{28EF574A-84DB-3CB0-9B45-DB3545B2D05C}.Debug|x64.Build.0 = Debug|x64
		{28EF574A-84DB-3CB0-9B45-DB3545B2D05C}.Debug|x86.ActiveCfg = Debug|x64
		{28EF574A-84DB-3CB0-9B45-DB3545B2D05C}.MinSizeRel|x64.ActiveCfg = MinSizeRel|x64
		{28EF574A-84DB-3CB0-9B45-DB3545B2D05C}.MinSizeRel|x64.Build.0 = MinSizeRel|x64
		{28EF574A-84DB-3CB0-9B45-DB3545B2D05C}.MinSizeRel|x86.ActiveCfg = MinSizeRel|x64
		{28EF574A-84DB-3CB0-9B45-DB3545B2D05C}.Preview|x64.ActiveCfg = Preview|x64
		{28EF574A-84DB-3CB0-9B45-DB3545B2D05C}.Preview|x64.Build.0 = Preview|x64
		{28EF574A-84DB-3CB0-9B45-DB3545B2D05C}.Preview|x86.ActiveCfg = Preview|x64
		{28EF574A-84DB-3CB0-9B45-DB3545B2D05C}.Release|x64.ActiveCfg = Release|x64
		{28EF574A-84DB-3CB0-9B45-DB3545B2D05C}.Release|x64.Build.0 = Release|x64
		{28EF574A-84DB-3CB0-9B45-DB3545B2D05C}.Release|x86.ActiveCfg = Release|x64
		{28EF574A-84DB-3CB0-9B45-DB3545B2D05C}.RelWithDebInfo|x64.ActiveCfg = RelWithDebInfo|x64
		{28EF574A-84DB-3CB0-9B45-DB3545B2D05C}.RelWithDebInfo|x64.Build.0 = RelWithDebInfo|x64
		{28EF574A-84DB-3CB0-9B45-DB3545B2D05C}.RelWithDebInfo|x86.ActiveCfg = RelWithDebInfo|x64
		{9BF1ADF3-EB57-35E8-B156-ADE8FFC7E2F0}.Debug|x64.ActiveCfg = Debug|x64
		{9BF1ADF3-EB57-35E8-B156-ADE8FFC7E2F0}.Debug|x64.Build.0 = Debug|x64
		{9BF1ADF3-EB57-35E8-B156-ADE8FFC7E2F0}.Debug|x86.ActiveCfg = Debug|x64
		{9BF1ADF3-EB57-35E8-B156-ADE8FFC7E2F0}.MinSizeRel|x64.ActiveCfg = MinSizeRel|x64
		{9BF1ADF3-EB57-35E8-B156-ADE8FFC7E2F0}.MinSizeRel|x64.Build.0 = MinSizeRel|x64
		{9BF1ADF3-EB57-35E8-B156-ADE8FFC7E2F0}.MinSizeRel|x86.ActiveCfg = MinSizeRel|x64
		{9BF1ADF3-EB57-35E8-B156-ADE8FFC7E2F0}.Preview|x64.ActiveCfg = Preview|x64
		{9BF1ADF3-EB57-35E8-B156-ADE8FFC7E2F0}.Preview|x64.Build.0 = Preview|x64
		{9BF1ADF3-EB57-35E8-B156-ADE8FFC7E2F0}.Preview|x86.ActiveCfg = Preview|x64
		{9BF1ADF3-EB57-35E8-B156-ADE8FFC7E2F0}.Release|x64.ActiveCfg = Release|x64
		{9BF1ADF3-EB57-35E8-B156-ADE8FFC7E2F0}.Release|x64.Build.0 = Release|x64
		{9BF1ADF3-EB57-35E8-B156-ADE8FFC7E2F0}.Release|x86.ActiveCfg = Release|x64
		{9BF1ADF3-EB57-35E8-B156-ADE8FFC7E2F0}.RelWithDebInfo|x64.ActiveCfg = RelWithDebInfo|x64
		{9BF1ADF3-EB57-35E8-B156-ADE8FFC7E2F0}.RelWithDebInfo|x64.Build.0 = RelWithDebInfo|x64
		{9BF1ADF3-EB57-35E8-B156-ADE8FFC7E2F0}.RelWithDebInfo|x86.ActiveCfg = RelWithDebInfo|x64
		{E0B52AE7-E160-4D32-BF3F-910B785E5A8E}.Debug|x64.ActiveCfg = Debug|x64
		{E0B52AE7-E160-4D32-BF3F-910B785E5A8E}.Debug|x64.Build.0 = Debug|x64
		{E0B52AE7-E160-4D32-BF3F-910B785E5A8E}.Debug|x86.ActiveCfg = Debug|x64
		{E0B52AE7-E160-4D32-BF3F-910B785E5A8E}.MinSizeRel|x64.ActiveCfg = Release|x64
		{E0B52AE7-E160-4D32-BF3F-910B785E5A8E}.MinSizeRel|x64.Build.0 = Release|x64
		{E0B52AE7-E160-4D32-BF3F-910B785E5A8E}.MinSizeRel|x86.ActiveCfg = Release|x64
		{E0B52AE7-E160-4D32-BF3F-910B785E5A8E}.MinSizeRel|x86.Build.0 = Release|x64
		{E0B52AE7-E160-4D32-BF3F-910B785E5A8E}.Preview|x64.ActiveCfg = Preview|x64
		{E0B52AE7-E160-4D32-BF3F-910B785E5A8E}.Preview|x64.Build.0 = Preview|x64
		{E0B52AE7-E160-4D32-BF3F-910B785E5A8E}.Preview|x86.ActiveCfg = Preview|x64
		{E0B52AE7-E160-4D32-BF3F-910B785E5A8E}.Release|x64.ActiveCfg = Release|x64
		{E0B52AE7-E160-4D32-BF3F-910B785E5A8E}.Release|x64.Build.0 = Release|x64
		{E0B52AE7-E160-4D32-BF3F-910B785E5A8E}.Release|x86.ActiveCfg = Release|x64
		{E0B52AE7-E160-4D32-BF3F-910B785E5A8E}.RelWithDebInfo|x64.ActiveCfg = Release|x64
		{E0B52AE7-E160-4D32-BF3F-910B785E5A8E}.RelWithDebInfo|x64.Build.0 = Release|x64
		{E0B52AE7-E160-4D32-BF3F-910B785E5A8E}.RelWithDebInfo|x86.ActiveCfg = Release|x64
		{E0B52AE7-E160-4D32-BF3F-910B785E5A8E}.RelWithDebInfo|x86.Build.0 = Release|x64
		{91E36741-5DFC-46E3-A7F3-28A67FD637C8}.Debug|x64.ActiveCfg = Debug|x64
		{91E36741-5DFC-46E3-A7F3-28A67FD637C8}.Debug|x64.Build.0 = Debug|x64
		{91E36741-5DFC-46E3-A7F3-28A67FD637C8}.Debug|x86.ActiveCfg = Debug|Win32
		{91E36741-5DFC-46E3-A7F3-28A67FD637C8}.Debug|x86.Build.0 = Debug|Win32
		{91E36741-5DFC-46E3-A7F3-28A67FD637C8}.MinSizeRel|x64.ActiveCfg = Release|x64
		{91E36741-5DFC-46E3-A7F3-28A67FD637C8}.MinSizeRel|x64.Build.0 = Release|x64
		{91E36741-5DFC-46E3-A7F3-28A67FD637C8}.MinSizeRel|x86.ActiveCfg = Release|Win32
		{91E36741-5DFC-46E3-A7F3-28A67FD637C8}.MinSizeRel|x86.Build.0 = Release|Win32
		{91E36741-5DFC-46E3-A7F3-28A67FD637C8}.Preview|x64.ActiveCfg = Release|x64
		{91E36741-5DFC-46E3-A7F3-28A67FD637C8}.Preview|x64.Build.0 = Release|x64
		{91E36741-5DFC-46E3-A7F3-28A67FD637C8}.Preview|x86.ActiveCfg = Release|Win32
		{91E36741-5DFC-46E3-A7F3-28A67FD637C8}.Preview|x86.Build.0 = Release|Win32
		{91E36741-5DFC-46E3-A7F3-28A67FD637C8}.Release|x64.ActiveCfg = Release|x64
		{91E36741-5DFC-46E3-A7F3-28A67FD637C8}.Release|x64.Build.0 = Release|x64
		{91E36741-5DFC-46E3-A7F3-28A67FD637C8}.Release|x86.ActiveCfg = Release|Win32
		{91E36741-5DFC-46E3-A7F3-28A67FD637C8}.Release|x86.Build.0 = Release|Win32
		{91E36741-5DFC-46E3-A7F3-28A67FD637C8}.RelWithDebInfo|x64.ActiveCfg = Release|x64
		{91E36741-5DFC-46E3-A7F3-28A67FD637C8}.RelWithDebInfo|x64.Build.0 = Release|x64
		{91E36741-5DFC-46E3-A7F3-28A67FD637C8}.RelWithDebInfo|x86.ActiveCfg = Release|Win32
		{91E36741-5DFC-46E3-A7F3-28A67FD637C8}.RelWithDebInfo|x86.Build.0 = Release|Win32
		{4E7A02CF-51F7-414B-9874-A34116D2B43C}.Debug|x64.ActiveCfg = Debug|x64
		{4E7A02CF-51F7-414B-9874-A34116D2B43C}.Debug|x64.Build.0 = Debug|x64
		{4E7A02CF-51F7-414B-9874-A34116D2B43C}.Debug|x86.ActiveCfg = Debug|Win32
		{4E7A02CF-51F7-414B-9874-A34116D2B43C}.Debug|x86.Build.0 = Debug|Win32
		{4E7A02CF-51F7-414B-9874-A34116D2B43C}.MinSizeRel|x64.ActiveCfg = Release|x64
		{4E7A02CF-51F7-414B-9874-A34116D2B43C}.MinSizeRel|x64.Build.0 = Release|x64
		{4E7A02CF-51F7-414B-9874-A34116D2B43C}.MinSizeRel|x86.ActiveCfg = Release|Win32
		{4E7A02CF-51F7-414B-9874-A34116D2B43C}.MinSizeRel|x86.Build.0 = Release|Win32
		{4E7A02CF-51F7-414B-9874-A34116D2B43C}.Preview|x64.ActiveCfg = Release|x64
		{4E7A02CF-51F7-414B-9874-A34116D2B43C}.Preview|x64.Build.0 = Release|x64
		{4E7A02CF-51F7-414B-9874-A34116D2B43C}.Preview|x86.ActiveCfg = Release|Win32
		{4E7A02CF-51F7-414B-9874-A34116D2B43C}.Preview|x86.Build.0 = Release|Win32
		{4E7A02CF-51F7-414B-9874-A34116D2B43C}.Release|x64.ActiveCfg = Release|x64
		{4E7A02CF-51F7-414B-9874-A34116D2B43C}.Release|x64.Build.0 = Release|x64
		{4E7A02CF-51F7-414B-9874-A34116D2B43C}.Release|x86.ActiveCfg = Release|Win32
		{4E7A02CF-51F7-414B-9874-A34116D2B43C}.Release|x86.Build.0 = Release|Win32
		{4E7A02CF-51F7-414B-9874-A34116D2B43C}.RelWithDebInfo|x64.ActiveCfg = Release|x64
		{4E7A02CF-51F7-414B-9874-A34116D2B43C}.RelWithDebInfo|x64.Build.0 = Release|x64
		{4E7A02CF-51F7-414B-9874-A34116D2B43C}.RelWithDebInfo|x86.ActiveCfg = Release|Win32
		{4E7A02CF-51F7-414B-9874-A34116D2B43C}.RelWithDebInfo|x86.Build.0 = Release|Win32
		{4DCE52A5-106C-3D94-815D-C8EBC6133B5E}.Debug|x64.ActiveCfg = Debug|x64
		{4DCE52A5-106C-3D94-815D-C8EBC6133B5E}.Debug|x64.Build.0 = Debug|x64
		{4DCE52A5-106C-3D94-815D-C8EBC6133B5E}.Debug|x86.ActiveCfg = Debug|x64
		{4DCE52A5-106C-3D94-815D-C8EBC6133B5E}.MinSizeRel|x64.ActiveCfg = MinSizeRel|x64
		{4DCE52A5-106C-3D94-815D-C8EBC6133B5E}.MinSizeRel|x64.Build.0 = MinSizeRel|x64
		{4DCE52A5-106C-3D94-815D-C8EBC6133B5E}.MinSizeRel|x86.ActiveCfg = MinSizeRel|x64
		{4DCE52A5-106C-3D94-815D-C8EBC6133B5E}.Preview|x64.ActiveCfg = Preview|x64
		{4DCE52A5-106C-3D94-815D-C8EBC6133B5E}.Preview|x64.Build.0 = Preview|x64
		{4DCE52A5-106C-3D94-815D-C8EBC6133B5E}.Preview|x86.ActiveCfg = Preview|x64
		{4DCE52A5-106C-3D94-815D-C8EBC6133B5E}.Release|x64.ActiveCfg = Release|x64
		{4DCE52A5-106C-3D94-815D-C8EBC6133B5E}.Release|x64.Build.0 = Release|x64
		{4DCE52A5-106C-3D94-815D-C8EBC6133B5E}.Release|x86.ActiveCfg = Release|x64
		{4DCE52A5-106C-3D94-815D-C8EBC6133B5E}.RelWithDebInfo|x64.ActiveCfg = RelWithDebInfo|x64
		{4DCE52A5-106C-3D94-815D-C8EBC6133B5E}.RelWithDebInfo|x64.Build.0 = RelWithDebInfo|x64
		{4DCE52A5-106C-3D94-815D-C8EBC6133B5E}.RelWithDebInfo|x86.ActiveCfg = RelWithDebInfo|x64
	EndGlobalSection
	GlobalSection(SolutionProperties) = preSolution
		HideSolutionNode = FALSE
	EndGlobalSection
	GlobalSection(NestedProjects) = preSolution
		{28EF574A-84DB-3CB0-9B45-DB3545B2D05C} = {21644DC7-BCE3-4F9B-A267-5DFDBDFEDBAB}
		{9BF1ADF3-EB57-35E8-B156-ADE8FFC7E2F0} = {21644DC7-BCE3-4F9B-A267-5DFDBDFEDBAB}
		{E0B52AE7-E160-4D32-BF3F-910B785E5A8E} = {21644DC7-BCE3-4F9B-A267-5DFDBDFEDBAB}
		{91E36741-5DFC-46E3-A7F3-28A67FD637C8} = {21644DC7-BCE3-4F9B-A267-5DFDBDFEDBAB}
		{4E7A02CF-51F7-414B-9874-A34116D2B43C} = {21644DC7-BCE3-4F9B-A267-5DFDBDFEDBAB}
		{4DCE52A5-106C-3D94-815D-C8EBC6133B5E} = {21644DC7-BCE3-4F9B-A267-5DFDBDFEDBAB}
	EndGlobalSection
	GlobalSection(ExtensibilityGlobals) = postSolution
		SolutionGuid = {D0EF50DA-8037-46F6-953A-C2F89F006391}
	EndGlobalSection
EndGlobal
