<?xml version="1.0" encoding="utf-8"?>
<Project ToolsVersion="4.0" xmlns="http://schemas.microsoft.com/developer/msbuild/2003">
  <ItemGroup>
    <Filter Include="src">
      <UniqueIdentifier>{0713c9d0-a2c0-448f-b461-79d351b368e6}</UniqueIdentifier>
    </Filter>
    <Filter Include="src\character">
      <UniqueIdentifier>{19204cd3-5a0d-4c1e-ac1e-cc49a41d5bf9}</UniqueIdentifier>
    </Filter>
    <Filter Include="src\graphics">
      <UniqueIdentifier>{1e64c6f9-a731-4659-9667-f829d4794d3a}</UniqueIdentifier>
    </Filter>
    <Filter Include="src\graphics\animation">
      <UniqueIdentifier>{98a1f6c2-acd8-4076-a1aa-e7b29a52f6d5}</UniqueIdentifier>
    </Filter>
    <Filter Include="src\graphics\Effect">
      <UniqueIdentifier>{591dd472-11a4-4115-a550-32323a6a8927}</UniqueIdentifier>
    </Filter>
    <Filter Include="src\graphics\font">
      <UniqueIdentifier>{77807ae4-5fe9-4556-9529-726f4ba4dbd0}</UniqueIdentifier>
    </Filter>
    <Filter Include="src\graphics\GPUBuffer">
      <UniqueIdentifier>{97711a1f-b6fb-400b-bcbc-77579a5a9e13}</UniqueIdentifier>
    </Filter>
    <Filter Include="src\graphics\postEffect">
      <UniqueIdentifier>{eb4d1831-aa7c-403a-bc8d-3e28f2f6ff1f}</UniqueIdentifier>
    </Filter>
    <Filter Include="src\graphics\Sprite">
      <UniqueIdentifier>{4d36b784-0918-4cc9-a396-6a62f86e4290}</UniqueIdentifier>
    </Filter>
    <Filter Include="src\HID">
      <UniqueIdentifier>{7c155f1c-4dff-4b2f-be52-2f45145718e7}</UniqueIdentifier>
    </Filter>
    <Filter Include="src\level">
      <UniqueIdentifier>{2e6c233a-46e8-4996-8aae-503350af3e84}</UniqueIdentifier>
    </Filter>
    <Filter Include="src\math">
      <UniqueIdentifier>{06229c54-0cee-4dc3-87c5-09c6ecad1c4c}</UniqueIdentifier>
    </Filter>
    <Filter Include="src\physics">
      <UniqueIdentifier>{6e58e8d1-79cb-441f-879f-e9053d192fac}</UniqueIdentifier>
    </Filter>
    <Filter Include="src\sound">
      <UniqueIdentifier>{bf804cdc-38e5-4dc1-b271-fbcc1bd27b8a}</UniqueIdentifier>
    </Filter>
    <Filter Include="src\time">
      <UniqueIdentifier>{c2976bc4-2c65-459a-b494-e3a03bbf0a72}</UniqueIdentifier>
    </Filter>
    <Filter Include="src\util">
      <UniqueIdentifier>{834f878e-93d8-4b73-b25f-545f0efa171d}</UniqueIdentifier>
    </Filter>
    <Filter Include="src\window">
      <UniqueIdentifier>{33f41912-feb4-4dab-ad8a-830850063d3f}</UniqueIdentifier>
    </Filter>
    <Filter Include="src\gameobject">
      <UniqueIdentifier>{6c87a639-3fc7-4e44-a88f-05ff8abdcacc}</UniqueIdentifier>
    </Filter>
  </ItemGroup>
  <ItemGroup>
    <ClInclude Include="stdafx.h">
      <Filter>src</Filter>
    </ClInclude>
    <ClInclude Include="targetver.h">
      <Filter>src</Filter>
    </ClInclude>
    <ClInclude Include="character\CharacterController.h">
      <Filter>src\character</Filter>
    </ClInclude>
    <ClInclude Include="gameObject\GameObject.h">
      <Filter>src\gameobject</Filter>
    </ClInclude>
    <ClInclude Include="gameObject\GameObjectManager.h">
      <Filter>src\gameobject</Filter>
    </ClInclude>
    <ClInclude Include="gameObject\CTransform.h">
      <Filter>src\gameobject</Filter>
    </ClInclude>
    <ClInclude Include="graphics\CConstantBuffer.h">
      <Filter>src\graphics</Filter>
    </ClInclude>
    <ClInclude Include="graphics\CIndexBuffer.h">
      <Filter>src\graphics</Filter>
    </ClInclude>
    <ClInclude Include="graphics\ConstantBufferGPU.h">
      <Filter>src\graphics</Filter>
    </ClInclude>
    <ClInclude Include="graphics\CPrimitive.h">
      <Filter>src\graphics</Filter>
    </ClInclude>
    <ClInclude Include="graphics\CRenderContext.h">
      <Filter>src\graphics</Filter>
    </ClInclude>
    <ClInclude Include="graphics\CSamplerState.h">
      <Filter>src\graphics</Filter>
    </ClInclude>
    <ClInclude Include="graphics\CShader.h">
      <Filter>src\graphics</Filter>
    </ClInclude>
    <ClInclude Include="graphics\CShaderResource.h">
      <Filter>src\graphics</Filter>
    </ClInclude>
    <ClInclude Include="graphics\CUnorderedAccessView.h">
      <Filter>src\graphics</Filter>
    </ClInclude>
    <ClInclude Include="graphics\CUtil.h">
      <Filter>src\graphics</Filter>
    </ClInclude>
    <ClInclude Include="graphics\CVertexBuffer.h">
      <Filter>src\graphics</Filter>
    </ClInclude>
    <ClInclude Include="graphics\GraphicsEngine.h">
      <Filter>src\graphics</Filter>
    </ClInclude>
    <ClInclude Include="graphics\Noncopyable.h">
      <Filter>src\graphics</Filter>
    </ClInclude>
    <ClInclude Include="graphics\Primitive.h">
      <Filter>src\graphics</Filter>
    </ClInclude>
    <ClInclude Include="graphics\RenderTarget.h">
      <Filter>src\graphics</Filter>
    </ClInclude>
    <ClInclude Include="graphics\Shader.h">
      <Filter>src\graphics</Filter>
    </ClInclude>
    <ClInclude Include="graphics\ShaderResouceView.h">
      <Filter>src\graphics</Filter>
    </ClInclude>
    <ClInclude Include="graphics\ShaderResources.h">
      <Filter>src\graphics</Filter>
    </ClInclude>
    <ClInclude Include="graphics\ShadowMap.h">
      <Filter>src\graphics</Filter>
    </ClInclude>
    <ClInclude Include="graphics\Skelton.h">
      <Filter>src\graphics</Filter>
    </ClInclude>
    <ClInclude Include="graphics\SkinModel.h">
      <Filter>src\graphics</Filter>
    </ClInclude>
    <ClInclude Include="graphics\SkinModelDataManager.h">
      <Filter>src\graphics</Filter>
    </ClInclude>
    <ClInclude Include="graphics\SkinModelDummy.h">
      <Filter>src\graphics</Filter>
    </ClInclude>
    <ClInclude Include="graphics\SkinModelEffect.h">
      <Filter>src\graphics</Filter>
    </ClInclude>
    <ClInclude Include="graphics\SkinModelRender.h">
      <Filter>src\graphics</Filter>
    </ClInclude>
    <ClInclude Include="graphics\SkinModelShaderConst.h">
      <Filter>src\graphics</Filter>
    </ClInclude>
    <ClInclude Include="graphics\SpringCamera.h">
      <Filter>src\graphics</Filter>
    </ClInclude>
    <ClInclude Include="graphics\SpriteRender.h">
      <Filter>src\graphics</Filter>
    </ClInclude>
    <ClInclude Include="graphics\StructedBuffer.h">
      <Filter>src\graphics</Filter>
    </ClInclude>
    <ClInclude Include="graphics\TScopedResource.h">
      <Filter>src\graphics</Filter>
    </ClInclude>
    <ClInclude Include="graphics\Camera.h">
      <Filter>src\graphics</Filter>
    </ClInclude>
    <ClInclude Include="graphics\CCameraCollisionSlover.h">
      <Filter>src\graphics</Filter>
    </ClInclude>
    <ClInclude Include="graphics\animation\AnimationClip.h">
      <Filter>src\graphics\animation</Filter>
    </ClInclude>
    <ClInclude Include="graphics\animation\AnimationPlayController.h">
      <Filter>src\graphics\animation</Filter>
    </ClInclude>
    <ClInclude Include="graphics\animation\Animation.h">
      <Filter>src\graphics\animation</Filter>
    </ClInclude>
    <ClInclude Include="graphics\Effect\CEffectEngine.h">
      <Filter>src\graphics\Effect</Filter>
    </ClInclude>
    <ClInclude Include="graphics\Effect\CEffect.h">
      <Filter>src\graphics\Effect</Filter>
    </ClInclude>
    <ClInclude Include="graphics\font\FontRender.h">
      <Filter>src\graphics\font</Filter>
    </ClInclude>
    <ClInclude Include="graphics\font\CFONT.h">
      <Filter>src\graphics\font</Filter>
    </ClInclude>
    <ClInclude Include="graphics\GPUBuffer\CGPUBuffer.h">
      <Filter>src\graphics\GPUBuffer</Filter>
    </ClInclude>
    <ClInclude Include="graphics\postEffect\Dof.h">
      <Filter>src\graphics\postEffect</Filter>
    </ClInclude>
    <ClInclude Include="graphics\postEffect\GaussianBlur.h">
      <Filter>src\graphics\postEffect</Filter>
    </ClInclude>
    <ClInclude Include="graphics\postEffect\PostEffect.h">
      <Filter>src\graphics\postEffect</Filter>
    </ClInclude>
    <ClInclude Include="graphics\postEffect\Bloom.h">
      <Filter>src\graphics\postEffect</Filter>
    </ClInclude>
    <ClInclude Include="graphics\Sprite\SpBuffer.h">
      <Filter>src\graphics\Sprite</Filter>
    </ClInclude>
    <ClInclude Include="graphics\Sprite\Sprite.h">
      <Filter>src\graphics\Sprite</Filter>
    </ClInclude>
    <ClInclude Include="graphics\Sprite\Effect.h">
      <Filter>src\graphics\Sprite</Filter>
    </ClInclude>
    <ClInclude Include="HID\Mouse.h">
      <Filter>src\HID</Filter>
    </ClInclude>
    <ClInclude Include="HID\Pad.h">
      <Filter>src\HID</Filter>
    </ClInclude>
    <ClInclude Include="level\Level.h">
      <Filter>src\level</Filter>
    </ClInclude>
    <ClInclude Include="level\MapChip.h">
      <Filter>src\level</Filter>
    </ClInclude>
    <ClInclude Include="math\kMath.h">
      <Filter>src\math</Filter>
    </ClInclude>
    <ClInclude Include="math\Matrix.h">
      <Filter>src\math</Filter>
    </ClInclude>
    <ClInclude Include="math\Vector.h">
      <Filter>src\math</Filter>
    </ClInclude>
    <ClInclude Include="math\Easing.h">
      <Filter>src\math</Filter>
    </ClInclude>
    <ClInclude Include="physics\Physics.h">
      <Filter>src\physics</Filter>
    </ClInclude>
    <ClInclude Include="physics\PhysicsDebugDraw.h">
      <Filter>src\physics</Filter>
    </ClInclude>
    <ClInclude Include="physics\PhysicsStaticObject.h">
      <Filter>src\physics</Filter>
    </ClInclude>
    <ClInclude Include="physics\RigitBody.h">
      <Filter>src\physics</Filter>
    </ClInclude>
    <ClInclude Include="physics\SpriteBoxCollider.h">
      <Filter>src\physics</Filter>
    </ClInclude>
    <ClInclude Include="physics\CapsuleCollider.h">
      <Filter>src\physics</Filter>
    </ClInclude>
    <ClInclude Include="physics\CollisionAttr.h">
      <Filter>src\physics</Filter>
    </ClInclude>
    <ClInclude Include="physics\CSphereCollider.h">
      <Filter>src\physics</Filter>
    </ClInclude>
    <ClInclude Include="physics\ICollider.h">
      <Filter>src\physics</Filter>
    </ClInclude>
    <ClInclude Include="physics\MeshCollider.h">
      <Filter>src\physics</Filter>
    </ClInclude>
    <ClInclude Include="sound\SoundEngine.h">
      <Filter>src\sound</Filter>
    </ClInclude>
    <ClInclude Include="sound\CSound.h">
      <Filter>src\sound</Filter>
    </ClInclude>
    <ClInclude Include="time\GameTime.h">
      <Filter>src\time</Filter>
    </ClInclude>
    <ClInclude Include="util\Util.h">
      <Filter>src\util</Filter>
    </ClInclude>
    <ClInclude Include="window\Window.h">
      <Filter>src\window</Filter>
    </ClInclude>
    <ClInclude Include="EngineStruct.h">
      <Filter>src</Filter>
    </ClInclude>
    <ClInclude Include="FPSCounter.h">
      <Filter>src</Filter>
    </ClInclude>
    <ClInclude Include="IScene.h">
      <Filter>src</Filter>
    </ClInclude>
    <ClInclude Include="Engine.h">
      <Filter>src</Filter>
    </ClInclude>
    <ClInclude Include="physics\CylinderCollider.h">
      <Filter>src\physics</Filter>
    </ClInclude>
  </ItemGroup>
  <ItemGroup>
    <ClCompile Include="stdafx.cpp">
      <Filter>src</Filter>
    </ClCompile>
    <ClCompile Include="character\CharacterController.cpp">
      <Filter>src\character</Filter>
    </ClCompile>
    <ClCompile Include="gameObject\GameObjectManager.cpp">
      <Filter>src\gameobject</Filter>
    </ClCompile>
    <ClCompile Include="gameObject\CTransform.cpp">
      <Filter>src\gameobject</Filter>
    </ClCompile>
    <ClCompile Include="gameObject\GameObject.cpp">
      <Filter>src\gameobject</Filter>
    </ClCompile>
    <ClCompile Include="graphics\CConstantBuffer.cpp">
      <Filter>src\graphics</Filter>
    </ClCompile>
    <ClCompile Include="graphics\CIndexBuffer.cpp">
      <Filter>src\graphics</Filter>
    </ClCompile>
    <ClCompile Include="graphics\ConstantBufferGPU.cpp">
      <Filter>src\graphics</Filter>
    </ClCompile>
    <ClCompile Include="graphics\CPrimitive.cpp">
      <Filter>src\graphics</Filter>
    </ClCompile>
    <ClCompile Include="graphics\CRenderContext.cpp">
      <Filter>src\graphics</Filter>
    </ClCompile>
    <ClCompile Include="graphics\CSamplerState.cpp">
      <Filter>src\graphics</Filter>
    </ClCompile>
    <ClCompile Include="graphics\CShader.cpp">
      <Filter>src\graphics</Filter>
    </ClCompile>
    <ClCompile Include="graphics\CShaderResource.cpp">
      <Filter>src\graphics</Filter>
    </ClCompile>
    <ClCompile Include="graphics\CUnorderedAccessView.cpp">
      <Filter>src\graphics</Filter>
    </ClCompile>
    <ClCompile Include="graphics\CUtil.cpp">
      <Filter>src\graphics</Filter>
    </ClCompile>
    <ClCompile Include="graphics\CVertexBuffer.cpp">
      <Filter>src\graphics</Filter>
    </ClCompile>
    <ClCompile Include="graphics\GraphicsEngine.cpp">
      <Filter>src\graphics</Filter>
    </ClCompile>
    <ClCompile Include="graphics\Primitive.cpp">
      <Filter>src\graphics</Filter>
    </ClCompile>
    <ClCompile Include="graphics\RenderTarget.cpp">
      <Filter>src\graphics</Filter>
    </ClCompile>
    <ClCompile Include="graphics\Shader.cpp">
      <Filter>src\graphics</Filter>
    </ClCompile>
    <ClCompile Include="graphics\ShaderResouceView.cpp">
      <Filter>src\graphics</Filter>
    </ClCompile>
    <ClCompile Include="graphics\ShaderResources.cpp">
      <Filter>src\graphics</Filter>
    </ClCompile>
    <ClCompile Include="graphics\ShadowMap.cpp">
      <Filter>src\graphics</Filter>
    </ClCompile>
    <ClCompile Include="graphics\Skelton.cpp">
      <Filter>src\graphics</Filter>
    </ClCompile>
    <ClCompile Include="graphics\SkinModel.cpp">
      <Filter>src\graphics</Filter>
    </ClCompile>
    <ClCompile Include="graphics\SkinModelDataManager.cpp">
      <Filter>src\graphics</Filter>
    </ClCompile>
    <ClCompile Include="graphics\SkinModelDummy.cpp">
      <Filter>src\graphics</Filter>
    </ClCompile>
    <ClCompile Include="graphics\SkinModelEffect.cpp">
      <Filter>src\graphics</Filter>
    </ClCompile>
    <ClCompile Include="graphics\SkinModelRender.cpp">
      <Filter>src\graphics</Filter>
    </ClCompile>
    <ClCompile Include="graphics\SkinModelShaderConst.cpp">
      <Filter>src\graphics</Filter>
    </ClCompile>
    <ClCompile Include="graphics\SpringCamera.cpp">
      <Filter>src\graphics</Filter>
    </ClCompile>
    <ClCompile Include="graphics\SpriteRender.cpp">
      <Filter>src\graphics</Filter>
    </ClCompile>
    <ClCompile Include="graphics\StructedBuffer.cpp">
      <Filter>src\graphics</Filter>
    </ClCompile>
    <ClCompile Include="graphics\TScopedResource.cpp">
      <Filter>src\graphics</Filter>
    </ClCompile>
    <ClCompile Include="graphics\Camera.cpp">
      <Filter>src\graphics</Filter>
    </ClCompile>
    <ClCompile Include="graphics\CCameraCollisionSlover.cpp">
      <Filter>src\graphics</Filter>
    </ClCompile>
    <ClCompile Include="graphics\animation\AnimationPlayController.cpp">
      <Filter>src\graphics\animation</Filter>
    </ClCompile>
    <ClCompile Include="graphics\animation\Animation.cpp">
      <Filter>src\graphics\animation</Filter>
    </ClCompile>
    <ClCompile Include="graphics\animation\AnimationClip.cpp">
      <Filter>src\graphics\animation</Filter>
    </ClCompile>
    <ClCompile Include="graphics\Effect\CEffectEngine.cpp">
      <Filter>src\graphics\Effect</Filter>
    </ClCompile>
    <ClCompile Include="graphics\Effect\CEffect.cpp">
      <Filter>src\graphics\Effect</Filter>
    </ClCompile>
    <ClCompile Include="graphics\font\FontRender.cpp">
      <Filter>src\graphics\font</Filter>
    </ClCompile>
    <ClCompile Include="graphics\font\CFONT.cpp">
      <Filter>src\graphics\font</Filter>
    </ClCompile>
    <ClCompile Include="graphics\GPUBuffer\CGPUBuffer.cpp">
      <Filter>src\graphics\GPUBuffer</Filter>
    </ClCompile>
    <ClCompile Include="graphics\postEffect\GaussianBlur.cpp">
      <Filter>src\graphics\postEffect</Filter>
    </ClCompile>
    <ClCompile Include="graphics\postEffect\PostEffect.cpp">
      <Filter>src\graphics\postEffect</Filter>
    </ClCompile>
    <ClCompile Include="graphics\postEffect\Bloom.cpp">
      <Filter>src\graphics\postEffect</Filter>
    </ClCompile>
    <ClCompile Include="graphics\postEffect\Dof.cpp">
      <Filter>src\graphics\postEffect</Filter>
    </ClCompile>
    <ClCompile Include="graphics\Sprite\SpBuffer.cpp">
      <Filter>src\graphics\Sprite</Filter>
    </ClCompile>
    <ClCompile Include="graphics\Sprite\Sprite.cpp">
      <Filter>src\graphics\Sprite</Filter>
    </ClCompile>
    <ClCompile Include="graphics\Sprite\Effect.cpp">
      <Filter>src\graphics\Sprite</Filter>
    </ClCompile>
    <ClCompile Include="HID\Pad.cpp">
      <Filter>src\HID</Filter>
    </ClCompile>
    <ClCompile Include="HID\Mouse.cpp">
      <Filter>src\HID</Filter>
    </ClCompile>
    <ClCompile Include="level\MapChip.cpp">
      <Filter>src\level</Filter>
    </ClCompile>
    <ClCompile Include="level\Level.cpp">
      <Filter>src\level</Filter>
    </ClCompile>
    <ClCompile Include="math\Matrix.cpp">
      <Filter>src\math</Filter>
    </ClCompile>
    <ClCompile Include="math\Vector.cpp">
      <Filter>src\math</Filter>
    </ClCompile>
    <ClCompile Include="math\Easing.cpp">
      <Filter>src\math</Filter>
    </ClCompile>
    <ClCompile Include="math\kMath.cpp">
      <Filter>src\math</Filter>
    </ClCompile>
    <ClCompile Include="physics\Physics.cpp">
      <Filter>src\physics</Filter>
    </ClCompile>
    <ClCompile Include="physics\PhysicsDebugDraw.cpp">
      <Filter>src\physics</Filter>
    </ClCompile>
    <ClCompile Include="physics\PhysicsStaticObject.cpp">
      <Filter>src\physics</Filter>
    </ClCompile>
    <ClCompile Include="physics\RigitBody.cpp">
      <Filter>src\physics</Filter>
    </ClCompile>
    <ClCompile Include="physics\SpriteBoxCollider.cpp">
      <Filter>src\physics</Filter>
    </ClCompile>
    <ClCompile Include="physics\CapsuleCollider.cpp">
      <Filter>src\physics</Filter>
    </ClCompile>
    <ClCompile Include="physics\CSphereCollider.cpp">
      <Filter>src\physics</Filter>
    </ClCompile>
    <ClCompile Include="physics\MeshCollider.cpp">
      <Filter>src\physics</Filter>
    </ClCompile>
    <ClCompile Include="sound\SoundEngine.cpp">
      <Filter>src\sound</Filter>
    </ClCompile>
    <ClCompile Include="sound\CSound.cpp">
      <Filter>src\sound</Filter>
    </ClCompile>
    <ClCompile Include="time\GameTime.cpp">
      <Filter>src\time</Filter>
    </ClCompile>
    <ClCompile Include="window\Window.cpp">
      <Filter>src\window</Filter>
    </ClCompile>
    <ClCompile Include="EngineStruct.cpp">
      <Filter>src</Filter>
    </ClCompile>
    <ClCompile Include="FPSCounter.cpp">
      <Filter>src</Filter>
    </ClCompile>
    <ClCompile Include="Engine.cpp">
      <Filter>src</Filter>
    </ClCompile>
    <ClCompile Include="physics\CylinderCollider.cpp">
      <Filter>src\physics</Filter>
    </ClCompile>
  </ItemGroup>
</Project>